
Microsoft Visual Studio Solution File, Format Version 12.00
# Visual Studio 15
VisualStudioVersion = 15.0.28010.2026
MinimumVisualStudioVersion = 10.0.40219.1
Project("{FAE04EC0-301F-11D3-BF4B-00C04F79EFBC}") = "DrugProNET", "DrugProNET\DrugProNET.csproj", "{0497CDBF-20CE-4EFB-8E74-F8B03B25FCF8}"
EndProject
Global
	GlobalSection(SolutionConfigurationPlatforms) = preSolution
		Debug|Any CPU = Debug|Any CPU
		Release|Any CPU = Release|Any CPU
	EndGlobalSection
	GlobalSection(ProjectConfigurationPlatforms) = postSolution
		{0497CDBF-20CE-4EFB-8E74-F8B03B25FCF8}.Debug|Any CPU.ActiveCfg = Debug|Any CPU
		{0497CDBF-20CE-4EFB-8E74-F8B03B25FCF8}.Debug|Any CPU.Build.0 = Debug|Any CPU
		{0497CDBF-20CE-4EFB-8E74-F8B03B25FCF8}.Release|Any CPU.ActiveCfg = Release|Any CPU
		{0497CDBF-20CE-4EFB-8E74-F8B03B25FCF8}.Release|Any CPU.Build.0 = Release|Any CPU
	EndGlobalSection
	GlobalSection(SolutionProperties) = preSolution
		HideSolutionNode = FALSE
	EndGlobalSection
	GlobalSection(ExtensibilityGlobals) = postSolution
		SolutionGuid = {D27BE25D-DF1D-4BB4-924B-C7A8C1B15D63}
	EndGlobalSection
EndGlobal
